
Microsoft Visual Studio Solution File, Format Version 12.00
# Visual Studio Version 16
VisualStudioVersion = 16.0.31112.23
MinimumVisualStudioVersion = 10.0.40219.1
Project("{FAE04EC0-301F-11D3-BF4B-00C04F79EFBC}") = "BookStoreApplication", "BookStoreApplication\BookStoreApplication.csproj", "{AF4ABAC9-2786-4F75-A1FF-64459997310D}"
EndProject
Project("{FAE04EC0-301F-11D3-BF4B-00C04F79EFBC}") = "BookDAL", "BookDAL\BookDAL.csproj", "{2F0B2F49-350F-4AF5-BF1B-BA20D8A9BD4F}"
EndProject
Project("{FAE04EC0-301F-11D3-BF4B-00C04F79EFBC}") = "BookBusinessLayer", "BookBusinessLayer\BookBusinessLayer.csproj", "{8A4D9860-C826-4898-A703-8E04BE7D3508}"
EndProject
Global
	GlobalSection(SolutionConfigurationPlatforms) = preSolution
		Debug|Any CPU = Debug|Any CPU
		Release|Any CPU = Release|Any CPU
	EndGlobalSection
	GlobalSection(ProjectConfigurationPlatforms) = postSolution
		{AF4ABAC9-2786-4F75-A1FF-64459997310D}.Debug|Any CPU.ActiveCfg = Debug|Any CPU
		{AF4ABAC9-2786-4F75-A1FF-64459997310D}.Debug|Any CPU.Build.0 = Debug|Any CPU
		{AF4ABAC9-2786-4F75-A1FF-64459997310D}.Release|Any CPU.ActiveCfg = Release|Any CPU
		{AF4ABAC9-2786-4F75-A1FF-64459997310D}.Release|Any CPU.Build.0 = Release|Any CPU
		{2F0B2F49-350F-4AF5-BF1B-BA20D8A9BD4F}.Debug|Any CPU.ActiveCfg = Debug|Any CPU
		{2F0B2F49-350F-4AF5-BF1B-BA20D8A9BD4F}.Debug|Any CPU.Build.0 = Debug|Any CPU
		{2F0B2F49-350F-4AF5-BF1B-BA20D8A9BD4F}.Release|Any CPU.ActiveCfg = Release|Any CPU
		{2F0B2F49-350F-4AF5-BF1B-BA20D8A9BD4F}.Release|Any CPU.Build.0 = Release|Any CPU
		{8A4D9860-C826-4898-A703-8E04BE7D3508}.Debug|Any CPU.ActiveCfg = Debug|Any CPU
		{8A4D9860-C826-4898-A703-8E04BE7D3508}.Debug|Any CPU.Build.0 = Debug|Any CPU
		{8A4D9860-C826-4898-A703-8E04BE7D3508}.Release|Any CPU.ActiveCfg = Release|Any CPU
		{8A4D9860-C826-4898-A703-8E04BE7D3508}.Release|Any CPU.Build.0 = Release|Any CPU
	EndGlobalSection
	GlobalSection(SolutionProperties) = preSolution
		HideSolutionNode = FALSE
	EndGlobalSection
	GlobalSection(ExtensibilityGlobals) = postSolution
		SolutionGuid = {5AB5BCA2-694E-4A6D-A726-89B1E2176C62}
	EndGlobalSection
EndGlobal
